
Microsoft Visual Studio Solution File, Format Version 12.00
# Visual Studio Version 17
VisualStudioVersion = 17.14.37012.4 d17.14
MinimumVisualStudioVersion = 10.0.40219.1
Project("{FAE04EC0-301F-11D3-BF4B-00C04F79EFBC}") = "ZappingStreamingLiveChecker", "ZappingStreamingLiveChecker\ZappingStreamingLiveChecker.csproj", "{0B07CC2C-8778-4FB5-AD59-77963E3DA317}"
EndProject
Global
	GlobalSection(SolutionConfigurationPlatforms) = preSolution
		Debug|Any CPU = Debug|Any CPU
		Release|Any CPU = Release|Any CPU
	EndGlobalSection
	GlobalSection(ProjectConfigurationPlatforms) = postSolution
		{0B07CC2C-8778-4FB5-AD59-77963E3DA317}.Debug|Any CPU.ActiveCfg = Debug|Any CPU
		{0B07CC2C-8778-4FB5-AD59-77963E3DA317}.Debug|Any CPU.Build.0 = Debug|Any CPU
		{0B07CC2C-8778-4FB5-AD59-77963E3DA317}.Release|Any CPU.ActiveCfg = Release|Any CPU
		{0B07CC2C-8778-4FB5-AD59-77963E3DA317}.Release|Any CPU.Build.0 = Release|Any CPU
	EndGlobalSection
	GlobalSection(SolutionProperties) = preSolution
		HideSolutionNode = FALSE
	EndGlobalSection
	GlobalSection(ExtensibilityGlobals) = postSolution
		SolutionGuid = {2534B486-FE2E-4FD3-B5EF-76E776AACFDA}
	EndGlobalSection
EndGlobal
